
Microsoft Visual Studio Solution File, Format Version 11.00
# Visual Studio 2010
Project("{FAE04EC0-301F-11D3-BF4B-00C04F79EFBC}") = "Phenix", "Phenix\Phenix.csproj", "{818A7C18-8889-4FDF-A38D-644C370377D6}"
EndProject
Project("{FAE04EC0-301F-11D3-BF4B-00C04F79EFBC}") = "PhenixDeamon", "Deamon\PhenixDeamon.csproj", "{ED2D9C55-5C7E-485A-8A9A-4971C3F9192B}"
EndProject
Project("{FAE04EC0-301F-11D3-BF4B-00C04F79EFBC}") = "ServiceStack.Redis", "ServiceStack.Redis\ServiceStack.Redis.csproj", "{AF99F19B-4C04-4F58-81EF-B092F1FCC540}"
EndProject
Project("{FAE04EC0-301F-11D3-BF4B-00C04F79EFBC}") = "Phenix.Notify", "Phenix.Notify\Phenix.Notify.csproj", "{CDBE581A-8DEB-44CA-9ACE-12C60429806A}"
EndProject
Global
	GlobalSection(SolutionConfigurationPlatforms) = preSolution
		Debug|Any CPU = Debug|Any CPU
		Debug|x86 = Debug|x86
		MonoTouch|Any CPU = MonoTouch|Any CPU
		MonoTouch|x86 = MonoTouch|x86
		Release|Any CPU = Release|Any CPU
		Release|x86 = Release|x86
		STATIC_ONLY NO_EXPRESSIONS|Any CPU = STATIC_ONLY NO_EXPRESSIONS|Any CPU
		STATIC_ONLY NO_EXPRESSIONS|x86 = STATIC_ONLY NO_EXPRESSIONS|x86
	EndGlobalSection
	GlobalSection(ProjectConfigurationPlatforms) = postSolution
		{818A7C18-8889-4FDF-A38D-644C370377D6}.Debug|Any CPU.ActiveCfg = Debug|x86
		{818A7C18-8889-4FDF-A38D-644C370377D6}.Debug|x86.ActiveCfg = Debug|x86
		{818A7C18-8889-4FDF-A38D-644C370377D6}.Debug|x86.Build.0 = Debug|x86
		{818A7C18-8889-4FDF-A38D-644C370377D6}.MonoTouch|Any CPU.ActiveCfg = Release|x86
		{818A7C18-8889-4FDF-A38D-644C370377D6}.MonoTouch|x86.ActiveCfg = Release|x86
		{818A7C18-8889-4FDF-A38D-644C370377D6}.MonoTouch|x86.Build.0 = Release|x86
		{818A7C18-8889-4FDF-A38D-644C370377D6}.Release|Any CPU.ActiveCfg = Release|x86
		{818A7C18-8889-4FDF-A38D-644C370377D6}.Release|x86.ActiveCfg = Release|x86
		{818A7C18-8889-4FDF-A38D-644C370377D6}.Release|x86.Build.0 = Release|x86
		{818A7C18-8889-4FDF-A38D-644C370377D6}.STATIC_ONLY NO_EXPRESSIONS|Any CPU.ActiveCfg = Release|x86
		{818A7C18-8889-4FDF-A38D-644C370377D6}.STATIC_ONLY NO_EXPRESSIONS|x86.ActiveCfg = Release|x86
		{818A7C18-8889-4FDF-A38D-644C370377D6}.STATIC_ONLY NO_EXPRESSIONS|x86.Build.0 = Release|x86
		{ED2D9C55-5C7E-485A-8A9A-4971C3F9192B}.Debug|Any CPU.ActiveCfg = Debug|x86
		{ED2D9C55-5C7E-485A-8A9A-4971C3F9192B}.Debug|x86.ActiveCfg = Debug|x86
		{ED2D9C55-5C7E-485A-8A9A-4971C3F9192B}.Debug|x86.Build.0 = Debug|x86
		{ED2D9C55-5C7E-485A-8A9A-4971C3F9192B}.MonoTouch|Any CPU.ActiveCfg = Release|x86
		{ED2D9C55-5C7E-485A-8A9A-4971C3F9192B}.MonoTouch|x86.ActiveCfg = Release|x86
		{ED2D9C55-5C7E-485A-8A9A-4971C3F9192B}.MonoTouch|x86.Build.0 = Release|x86
		{ED2D9C55-5C7E-485A-8A9A-4971C3F9192B}.Release|Any CPU.ActiveCfg = Release|x86
		{ED2D9C55-5C7E-485A-8A9A-4971C3F9192B}.Release|x86.ActiveCfg = Release|x86
		{ED2D9C55-5C7E-485A-8A9A-4971C3F9192B}.Release|x86.Build.0 = Release|x86
		{ED2D9C55-5C7E-485A-8A9A-4971C3F9192B}.STATIC_ONLY NO_EXPRESSIONS|Any CPU.ActiveCfg = Release|x86
		{ED2D9C55-5C7E-485A-8A9A-4971C3F9192B}.STATIC_ONLY NO_EXPRESSIONS|x86.ActiveCfg = Release|x86
		{ED2D9C55-5C7E-485A-8A9A-4971C3F9192B}.STATIC_ONLY NO_EXPRESSIONS|x86.Build.0 = Release|x86
		{AF99F19B-4C04-4F58-81EF-B092F1FCC540}.Debug|Any CPU.ActiveCfg = Debug|Any CPU
		{AF99F19B-4C04-4F58-81EF-B092F1FCC540}.Debug|Any CPU.Build.0 = Debug|Any CPU
		{AF99F19B-4C04-4F58-81EF-B092F1FCC540}.Debug|x86.ActiveCfg = Debug|x86
		{AF99F19B-4C04-4F58-81EF-B092F1FCC540}.Debug|x86.Build.0 = Debug|x86
		{AF99F19B-4C04-4F58-81EF-B092F1FCC540}.MonoTouch|Any CPU.ActiveCfg = MonoTouch|Any CPU
		{AF99F19B-4C04-4F58-81EF-B092F1FCC540}.MonoTouch|Any CPU.Build.0 = MonoTouch|Any CPU
		{AF99F19B-4C04-4F58-81EF-B092F1FCC540}.MonoTouch|x86.ActiveCfg = MonoTouch|x86
		{AF99F19B-4C04-4F58-81EF-B092F1FCC540}.MonoTouch|x86.Build.0 = MonoTouch|x86
		{AF99F19B-4C04-4F58-81EF-B092F1FCC540}.Release|Any CPU.ActiveCfg = Release|Any CPU
		{AF99F19B-4C04-4F58-81EF-B092F1FCC540}.Release|Any CPU.Build.0 = Release|Any CPU
		{AF99F19B-4C04-4F58-81EF-B092F1FCC540}.Release|x86.ActiveCfg = Release|x86
		{AF99F19B-4C04-4F58-81EF-B092F1FCC540}.Release|x86.Build.0 = Release|x86
		{AF99F19B-4C04-4F58-81EF-B092F1FCC540}.STATIC_ONLY NO_EXPRESSIONS|Any CPU.ActiveCfg = STATIC_ONLY NO_EXPRESSIONS|Any CPU
		{AF99F19B-4C04-4F58-81EF-B092F1FCC540}.STATIC_ONLY NO_EXPRESSIONS|Any CPU.Build.0 = STATIC_ONLY NO_EXPRESSIONS|Any CPU
		{AF99F19B-4C04-4F58-81EF-B092F1FCC540}.STATIC_ONLY NO_EXPRESSIONS|x86.ActiveCfg = STATIC_ONLY NO_EXPRESSIONS|x86
		{AF99F19B-4C04-4F58-81EF-B092F1FCC540}.STATIC_ONLY NO_EXPRESSIONS|x86.Build.0 = STATIC_ONLY NO_EXPRESSIONS|x86
		{CDBE581A-8DEB-44CA-9ACE-12C60429806A}.Debug|Any CPU.ActiveCfg = Debug|x86
		{CDBE581A-8DEB-44CA-9ACE-12C60429806A}.Debug|x86.ActiveCfg = Debug|x86
		{CDBE581A-8DEB-44CA-9ACE-12C60429806A}.Debug|x86.Build.0 = Debug|x86
		{CDBE581A-8DEB-44CA-9ACE-12C60429806A}.MonoTouch|Any CPU.ActiveCfg = Release|x86
		{CDBE581A-8DEB-44CA-9ACE-12C60429806A}.MonoTouch|x86.ActiveCfg = Release|x86
		{CDBE581A-8DEB-44CA-9ACE-12C60429806A}.MonoTouch|x86.Build.0 = Release|x86
		{CDBE581A-8DEB-44CA-9ACE-12C60429806A}.Release|Any CPU.ActiveCfg = Release|x86
		{CDBE581A-8DEB-44CA-9ACE-12C60429806A}.Release|x86.ActiveCfg = Release|x86
		{CDBE581A-8DEB-44CA-9ACE-12C60429806A}.Release|x86.Build.0 = Release|x86
		{CDBE581A-8DEB-44CA-9ACE-12C60429806A}.STATIC_ONLY NO_EXPRESSIONS|Any CPU.ActiveCfg = Release|x86
		{CDBE581A-8DEB-44CA-9ACE-12C60429806A}.STATIC_ONLY NO_EXPRESSIONS|x86.ActiveCfg = Release|x86
		{CDBE581A-8DEB-44CA-9ACE-12C60429806A}.STATIC_ONLY NO_EXPRESSIONS|x86.Build.0 = Release|x86
	EndGlobalSection
	GlobalSection(SolutionProperties) = preSolution
		HideSolutionNode = FALSE
	EndGlobalSection
EndGlobal
